// !$*UTF8*$!
{
	archiveVersion = 1;
	classes = {
	};
	objectVersion = 50;
	objects = {

/* Begin PBXBuildFile section */
		0A5EA2B923C7792B00FC3519 /* ModernNetwork.framework in Frameworks */ = {isa = PBXBuildFile; fileRef = 0A5EA2AF23C7792A00FC3519 /* ModernNetwork.framework */; };
		0A5EA2BE23C7792B00FC3519 /* ModernNetworkTests.swift in Sources */ = {isa = PBXBuildFile; fileRef = 0A5EA2BD23C7792B00FC3519 /* ModernNetworkTests.swift */; };
		0A5EA2C023C7792B00FC3519 /* ModernNetwork.h in Headers */ = {isa = PBXBuildFile; fileRef = 0A5EA2B223C7792A00FC3519 /* ModernNetwork.h */; settings = {ATTRIBUTES = (Public, ); }; };
		0A5EA2CA23C788E800FC3519 /* Endpoint.swift in Sources */ = {isa = PBXBuildFile; fileRef = 0A5EA2C923C788E800FC3519 /* Endpoint.swift */; };
		0A5EA2CD23C78B7200FC3519 /* HTTPMethod.swift in Sources */ = {isa = PBXBuildFile; fileRef = 0A5EA2CC23C78B7200FC3519 /* HTTPMethod.swift */; };
		0A5EA2CF23C78C2300FC3519 /* HTTPTask.swift in Sources */ = {isa = PBXBuildFile; fileRef = 0A5EA2CE23C78C2300FC3519 /* HTTPTask.swift */; };
		0A5EA2D223C78CDE00FC3519 /* ParameterEncoder.swift in Sources */ = {isa = PBXBuildFile; fileRef = 0A5EA2D123C78CDE00FC3519 /* ParameterEncoder.swift */; };
		0A5EA2D423C78E5400FC3519 /* NetworkError.swift in Sources */ = {isa = PBXBuildFile; fileRef = 0A5EA2D323C78E5400FC3519 /* NetworkError.swift */; };
		0A5EA2D723C7927D00FC3519 /* URLParameterEncoder.swift in Sources */ = {isa = PBXBuildFile; fileRef = 0A5EA2D623C7927D00FC3519 /* URLParameterEncoder.swift */; };
		0A5EA2D923C8EA9C00FC3519 /* JSONParameterEncoder.swift in Sources */ = {isa = PBXBuildFile; fileRef = 0A5EA2D823C8EA9C00FC3519 /* JSONParameterEncoder.swift */; };
		0A5EA2DB23C8EE9800FC3519 /* ServiceProvider.swift in Sources */ = {isa = PBXBuildFile; fileRef = 0A5EA2DA23C8EE9800FC3519 /* ServiceProvider.swift */; };
		0A8564F423CF715E00A31BBB /* Error+NetworkError.swift in Sources */ = {isa = PBXBuildFile; fileRef = 0A8564F323CF715E00A31BBB /* Error+NetworkError.swift */; };
		15551EB023D0D6460004C8A7 /* AppDelegate.swift in Sources */ = {isa = PBXBuildFile; fileRef = 15551EAF23D0D6460004C8A7 /* AppDelegate.swift */; };
		15551EB223D0D6460004C8A7 /* SceneDelegate.swift in Sources */ = {isa = PBXBuildFile; fileRef = 15551EB123D0D6460004C8A7 /* SceneDelegate.swift */; };
		15551EB423D0D6460004C8A7 /* ViewController.swift in Sources */ = {isa = PBXBuildFile; fileRef = 15551EB323D0D6460004C8A7 /* ViewController.swift */; };
		15551EB723D0D6460004C8A7 /* Main.storyboard in Resources */ = {isa = PBXBuildFile; fileRef = 15551EB523D0D6460004C8A7 /* Main.storyboard */; };
		15551EB923D0D6470004C8A7 /* Assets.xcassets in Resources */ = {isa = PBXBuildFile; fileRef = 15551EB823D0D6470004C8A7 /* Assets.xcassets */; };
		15551EBC23D0D6470004C8A7 /* LaunchScreen.storyboard in Resources */ = {isa = PBXBuildFile; fileRef = 15551EBA23D0D6470004C8A7 /* LaunchScreen.storyboard */; };
		15CD30B523D094F4003B5DC6 /* Observable.swift in Sources */ = {isa = PBXBuildFile; fileRef = 15CD30B423D094F4003B5DC6 /* Observable.swift */; };
		15FD89BE23D0D783002BA9BF /* ModernNetwork.framework in Frameworks */ = {isa = PBXBuildFile; fileRef = 0A5EA2AF23C7792A00FC3519 /* ModernNetwork.framework */; };
		15FD89BF23D0D783002BA9BF /* ModernNetwork.framework in Embed Frameworks */ = {isa = PBXBuildFile; fileRef = 0A5EA2AF23C7792A00FC3519 /* ModernNetwork.framework */; settings = {ATTRIBUTES = (CodeSignOnCopy, RemoveHeadersOnCopy, ); }; };
		15FD89C323D0D7B4002BA9BF /* ExampleService.swift in Sources */ = {isa = PBXBuildFile; fileRef = 1568C88A23D0792600B1FE5D /* ExampleService.swift */; };
		15FD89C423D0D7B8002BA9BF /* ExampleDataProvider.swift in Sources */ = {isa = PBXBuildFile; fileRef = 1568C88C23D0805800B1FE5D /* ExampleDataProvider.swift */; };
		15FD89C523D0D7BE002BA9BF /* Repo.swift in Sources */ = {isa = PBXBuildFile; fileRef = 1584EB2F23D082D000718EF0 /* Repo.swift */; };
		15FD89C623D0D7BE002BA9BF /* Owner.swift in Sources */ = {isa = PBXBuildFile; fileRef = 1584EB3123D082E000718EF0 /* Owner.swift */; };
/* End PBXBuildFile section */

/* Begin PBXContainerItemProxy section */
		0A5EA2BA23C7792B00FC3519 /* PBXContainerItemProxy */ = {
			isa = PBXContainerItemProxy;
			containerPortal = 0A5EA2A623C7792A00FC3519 /* Project object */;
			proxyType = 1;
			remoteGlobalIDString = 0A5EA2AE23C7792A00FC3519;
			remoteInfo = ModernNetwork;
		};
		15FD89C023D0D783002BA9BF /* PBXContainerItemProxy */ = {
			isa = PBXContainerItemProxy;
			containerPortal = 0A5EA2A623C7792A00FC3519 /* Project object */;
			proxyType = 1;
			remoteGlobalIDString = 0A5EA2AE23C7792A00FC3519;
			remoteInfo = ModernNetwork;
		};
/* End PBXContainerItemProxy section */

/* Begin PBXCopyFilesBuildPhase section */
		15FD89C223D0D784002BA9BF /* Embed Frameworks */ = {
			isa = PBXCopyFilesBuildPhase;
			buildActionMask = 2147483647;
			dstPath = "";
			dstSubfolderSpec = 10;
			files = (
				15FD89BF23D0D783002BA9BF /* ModernNetwork.framework in Embed Frameworks */,
			);
			name = "Embed Frameworks";
			runOnlyForDeploymentPostprocessing = 0;
		};
/* End PBXCopyFilesBuildPhase section */

/* Begin PBXFileReference section */
		0A5EA2AF23C7792A00FC3519 /* ModernNetwork.framework */ = {isa = PBXFileReference; explicitFileType = wrapper.framework; includeInIndex = 0; path = ModernNetwork.framework; sourceTree = BUILT_PRODUCTS_DIR; };
		0A5EA2B223C7792A00FC3519 /* ModernNetwork.h */ = {isa = PBXFileReference; lastKnownFileType = sourcecode.c.h; path = ModernNetwork.h; sourceTree = "<group>"; };
		0A5EA2B323C7792A00FC3519 /* Info.plist */ = {isa = PBXFileReference; lastKnownFileType = text.plist.xml; path = Info.plist; sourceTree = "<group>"; };
		0A5EA2B823C7792B00FC3519 /* ModernNetworkTests.xctest */ = {isa = PBXFileReference; explicitFileType = wrapper.cfbundle; includeInIndex = 0; path = ModernNetworkTests.xctest; sourceTree = BUILT_PRODUCTS_DIR; };
		0A5EA2BD23C7792B00FC3519 /* ModernNetworkTests.swift */ = {isa = PBXFileReference; lastKnownFileType = sourcecode.swift; path = ModernNetworkTests.swift; sourceTree = "<group>"; };
		0A5EA2BF23C7792B00FC3519 /* Info.plist */ = {isa = PBXFileReference; lastKnownFileType = text.plist.xml; path = Info.plist; sourceTree = "<group>"; };
		0A5EA2C923C788E800FC3519 /* Endpoint.swift */ = {isa = PBXFileReference; lastKnownFileType = sourcecode.swift; path = Endpoint.swift; sourceTree = "<group>"; };
		0A5EA2CC23C78B7200FC3519 /* HTTPMethod.swift */ = {isa = PBXFileReference; lastKnownFileType = sourcecode.swift; path = HTTPMethod.swift; sourceTree = "<group>"; };
		0A5EA2CE23C78C2300FC3519 /* HTTPTask.swift */ = {isa = PBXFileReference; lastKnownFileType = sourcecode.swift; path = HTTPTask.swift; sourceTree = "<group>"; };
		0A5EA2D123C78CDE00FC3519 /* ParameterEncoder.swift */ = {isa = PBXFileReference; lastKnownFileType = sourcecode.swift; path = ParameterEncoder.swift; sourceTree = "<group>"; };
		0A5EA2D323C78E5400FC3519 /* NetworkError.swift */ = {isa = PBXFileReference; lastKnownFileType = sourcecode.swift; path = NetworkError.swift; sourceTree = "<group>"; };
		0A5EA2D623C7927D00FC3519 /* URLParameterEncoder.swift */ = {isa = PBXFileReference; lastKnownFileType = sourcecode.swift; path = URLParameterEncoder.swift; sourceTree = "<group>"; };
		0A5EA2D823C8EA9C00FC3519 /* JSONParameterEncoder.swift */ = {isa = PBXFileReference; lastKnownFileType = sourcecode.swift; path = JSONParameterEncoder.swift; sourceTree = "<group>"; };
		0A5EA2DA23C8EE9800FC3519 /* ServiceProvider.swift */ = {isa = PBXFileReference; lastKnownFileType = sourcecode.swift; path = ServiceProvider.swift; sourceTree = "<group>"; };
		0A8564F323CF715E00A31BBB /* Error+NetworkError.swift */ = {isa = PBXFileReference; lastKnownFileType = sourcecode.swift; path = "Error+NetworkError.swift"; sourceTree = "<group>"; };
		15551EAD23D0D6460004C8A7 /* Example.app */ = {isa = PBXFileReference; explicitFileType = wrapper.application; includeInIndex = 0; path = Example.app; sourceTree = BUILT_PRODUCTS_DIR; };
		15551EAF23D0D6460004C8A7 /* AppDelegate.swift */ = {isa = PBXFileReference; lastKnownFileType = sourcecode.swift; path = AppDelegate.swift; sourceTree = "<group>"; };
		15551EB123D0D6460004C8A7 /* SceneDelegate.swift */ = {isa = PBXFileReference; lastKnownFileType = sourcecode.swift; path = SceneDelegate.swift; sourceTree = "<group>"; };
		15551EB323D0D6460004C8A7 /* ViewController.swift */ = {isa = PBXFileReference; lastKnownFileType = sourcecode.swift; path = ViewController.swift; sourceTree = "<group>"; };
		15551EB623D0D6460004C8A7 /* Base */ = {isa = PBXFileReference; lastKnownFileType = file.storyboard; name = Base; path = Base.lproj/Main.storyboard; sourceTree = "<group>"; };
		15551EB823D0D6470004C8A7 /* Assets.xcassets */ = {isa = PBXFileReference; lastKnownFileType = folder.assetcatalog; path = Assets.xcassets; sourceTree = "<group>"; };
		15551EBB23D0D6470004C8A7 /* Base */ = {isa = PBXFileReference; lastKnownFileType = file.storyboard; name = Base; path = Base.lproj/LaunchScreen.storyboard; sourceTree = "<group>"; };
		15551EBD23D0D6470004C8A7 /* Info.plist */ = {isa = PBXFileReference; lastKnownFileType = text.plist.xml; path = Info.plist; sourceTree = "<group>"; };
		1568C88A23D0792600B1FE5D /* ExampleService.swift */ = {isa = PBXFileReference; lastKnownFileType = sourcecode.swift; path = ExampleService.swift; sourceTree = "<group>"; };
		1568C88C23D0805800B1FE5D /* ExampleDataProvider.swift */ = {isa = PBXFileReference; lastKnownFileType = sourcecode.swift; path = ExampleDataProvider.swift; sourceTree = "<group>"; };
		1584EB2F23D082D000718EF0 /* Repo.swift */ = {isa = PBXFileReference; lastKnownFileType = sourcecode.swift; path = Repo.swift; sourceTree = "<group>"; };
		1584EB3123D082E000718EF0 /* Owner.swift */ = {isa = PBXFileReference; lastKnownFileType = sourcecode.swift; path = Owner.swift; sourceTree = "<group>"; };
		15CD30B423D094F4003B5DC6 /* Observable.swift */ = {isa = PBXFileReference; lastKnownFileType = sourcecode.swift; path = Observable.swift; sourceTree = "<group>"; };
/* End PBXFileReference section */

/* Begin PBXFrameworksBuildPhase section */
		0A5EA2AC23C7792A00FC3519 /* Frameworks */ = {
			isa = PBXFrameworksBuildPhase;
			buildActionMask = 2147483647;
			files = (
			);
			runOnlyForDeploymentPostprocessing = 0;
		};
		0A5EA2B523C7792B00FC3519 /* Frameworks */ = {
			isa = PBXFrameworksBuildPhase;
			buildActionMask = 2147483647;
			files = (
				0A5EA2B923C7792B00FC3519 /* ModernNetwork.framework in Frameworks */,
			);
			runOnlyForDeploymentPostprocessing = 0;
		};
		15551EAA23D0D6460004C8A7 /* Frameworks */ = {
			isa = PBXFrameworksBuildPhase;
			buildActionMask = 2147483647;
			files = (
				15FD89BE23D0D783002BA9BF /* ModernNetwork.framework in Frameworks */,
			);
			runOnlyForDeploymentPostprocessing = 0;
		};
/* End PBXFrameworksBuildPhase section */

/* Begin PBXGroup section */
		0A5EA2A523C7792A00FC3519 = {
			isa = PBXGroup;
			children = (
				0A5EA2B123C7792A00FC3519 /* ModernNetwork */,
				0A5EA2BC23C7792B00FC3519 /* ModernNetworkTests */,
				15551EAE23D0D6460004C8A7 /* Example */,
				0A5EA2B023C7792A00FC3519 /* Products */,
				15FD89BD23D0D783002BA9BF /* Frameworks */,
			);
			sourceTree = "<group>";
		};
		0A5EA2B023C7792A00FC3519 /* Products */ = {
			isa = PBXGroup;
			children = (
				0A5EA2AF23C7792A00FC3519 /* ModernNetwork.framework */,
				0A5EA2B823C7792B00FC3519 /* ModernNetworkTests.xctest */,
				15551EAD23D0D6460004C8A7 /* Example.app */,
			);
			name = Products;
			sourceTree = "<group>";
		};
		0A5EA2B123C7792A00FC3519 /* ModernNetwork */ = {
			isa = PBXGroup;
			children = (
				0A5EA2B223C7792A00FC3519 /* ModernNetwork.h */,
				0A5EA2B323C7792A00FC3519 /* Info.plist */,
				0A5EA2CB23C788F000FC3519 /* Endpoint */,
				0A5EA2D023C78CAD00FC3519 /* Encoding */,
				0A5EA2D523C78E6300FC3519 /* Services */,
				15CD30B423D094F4003B5DC6 /* Observable.swift */,
			);
			path = ModernNetwork;
			sourceTree = "<group>";
		};
		0A5EA2BC23C7792B00FC3519 /* ModernNetworkTests */ = {
			isa = PBXGroup;
			children = (
				0A5EA2BD23C7792B00FC3519 /* ModernNetworkTests.swift */,
				0A5EA2BF23C7792B00FC3519 /* Info.plist */,
			);
			path = ModernNetworkTests;
			sourceTree = "<group>";
		};
		0A5EA2CB23C788F000FC3519 /* Endpoint */ = {
			isa = PBXGroup;
			children = (
				0A5EA2C923C788E800FC3519 /* Endpoint.swift */,
				0A5EA2CC23C78B7200FC3519 /* HTTPMethod.swift */,
				0A5EA2CE23C78C2300FC3519 /* HTTPTask.swift */,
			);
			path = Endpoint;
			sourceTree = "<group>";
		};
		0A5EA2D023C78CAD00FC3519 /* Encoding */ = {
			isa = PBXGroup;
			children = (
				0A5EA2D123C78CDE00FC3519 /* ParameterEncoder.swift */,
				0A5EA2D623C7927D00FC3519 /* URLParameterEncoder.swift */,
				0A5EA2D823C8EA9C00FC3519 /* JSONParameterEncoder.swift */,
			);
			path = Encoding;
			sourceTree = "<group>";
		};
		0A5EA2D523C78E6300FC3519 /* Services */ = {
			isa = PBXGroup;
			children = (
				0A5EA2D323C78E5400FC3519 /* NetworkError.swift */,
				0A5EA2DA23C8EE9800FC3519 /* ServiceProvider.swift */,
				0A8564F323CF715E00A31BBB /* Error+NetworkError.swift */,
			);
			path = Services;
			sourceTree = "<group>";
		};
		15551EAE23D0D6460004C8A7 /* Example */ = {
			isa = PBXGroup;
			children = (
				1568C88E23D080C300B1FE5D /* Github Service */,
				15551EAF23D0D6460004C8A7 /* AppDelegate.swift */,
				15551EB123D0D6460004C8A7 /* SceneDelegate.swift */,
				15551EB323D0D6460004C8A7 /* ViewController.swift */,
				15551EB523D0D6460004C8A7 /* Main.storyboard */,
				15551EB823D0D6470004C8A7 /* Assets.xcassets */,
				15551EBA23D0D6470004C8A7 /* LaunchScreen.storyboard */,
				15551EBD23D0D6470004C8A7 /* Info.plist */,
			);
			path = Example;
			sourceTree = "<group>";
		};
		1568C88E23D080C300B1FE5D /* Github Service */ = {
			isa = PBXGroup;
			children = (
				1568C88A23D0792600B1FE5D /* ExampleService.swift */,
				1568C88C23D0805800B1FE5D /* ExampleDataProvider.swift */,
				1584EB3323D0830200718EF0 /* Models */,
			);
			path = "Github Service";
			sourceTree = "<group>";
		};
		1584EB3323D0830200718EF0 /* Models */ = {
			isa = PBXGroup;
			children = (
				1584EB2F23D082D000718EF0 /* Repo.swift */,
				1584EB3123D082E000718EF0 /* Owner.swift */,
			);
			path = Models;
			sourceTree = "<group>";
		};
		15FD89BD23D0D783002BA9BF /* Frameworks */ = {
			isa = PBXGroup;
			children = (
			);
			name = Frameworks;
			sourceTree = "<group>";
		};
/* End PBXGroup section */

/* Begin PBXHeadersBuildPhase section */
		0A5EA2AA23C7792A00FC3519 /* Headers */ = {
			isa = PBXHeadersBuildPhase;
			buildActionMask = 2147483647;
			files = (
				0A5EA2C023C7792B00FC3519 /* ModernNetwork.h in Headers */,
			);
			runOnlyForDeploymentPostprocessing = 0;
		};
/* End PBXHeadersBuildPhase section */

/* Begin PBXNativeTarget section */
		0A5EA2AE23C7792A00FC3519 /* ModernNetwork */ = {
			isa = PBXNativeTarget;
			buildConfigurationList = 0A5EA2C323C7792B00FC3519 /* Build configuration list for PBXNativeTarget "ModernNetwork" */;
			buildPhases = (
				0A5EA2AA23C7792A00FC3519 /* Headers */,
				0A5EA2AB23C7792A00FC3519 /* Sources */,
				0A5EA2AC23C7792A00FC3519 /* Frameworks */,
				0A5EA2AD23C7792A00FC3519 /* Resources */,
			);
			buildRules = (
			);
			dependencies = (
			);
			name = ModernNetwork;
			productName = ModernNetwork;
			productReference = 0A5EA2AF23C7792A00FC3519 /* ModernNetwork.framework */;
			productType = "com.apple.product-type.framework";
		};
		0A5EA2B723C7792B00FC3519 /* ModernNetworkTests */ = {
			isa = PBXNativeTarget;
			buildConfigurationList = 0A5EA2C623C7792B00FC3519 /* Build configuration list for PBXNativeTarget "ModernNetworkTests" */;
			buildPhases = (
				0A5EA2B423C7792B00FC3519 /* Sources */,
				0A5EA2B523C7792B00FC3519 /* Frameworks */,
				0A5EA2B623C7792B00FC3519 /* Resources */,
			);
			buildRules = (
			);
			dependencies = (
				0A5EA2BB23C7792B00FC3519 /* PBXTargetDependency */,
			);
			name = ModernNetworkTests;
			productName = ModernNetworkTests;
			productReference = 0A5EA2B823C7792B00FC3519 /* ModernNetworkTests.xctest */;
			productType = "com.apple.product-type.bundle.unit-test";
		};
		15551EAC23D0D6460004C8A7 /* Example */ = {
			isa = PBXNativeTarget;
			buildConfigurationList = 15551EC023D0D6470004C8A7 /* Build configuration list for PBXNativeTarget "Example" */;
			buildPhases = (
				15551EA923D0D6460004C8A7 /* Sources */,
				15551EAA23D0D6460004C8A7 /* Frameworks */,
				15551EAB23D0D6460004C8A7 /* Resources */,
				15FD89C223D0D784002BA9BF /* Embed Frameworks */,
			);
			buildRules = (
			);
			dependencies = (
				15FD89C123D0D783002BA9BF /* PBXTargetDependency */,
			);
			name = Example;
			productName = Example;
			productReference = 15551EAD23D0D6460004C8A7 /* Example.app */;
			productType = "com.apple.product-type.application";
		};
/* End PBXNativeTarget section */

/* Begin PBXProject section */
		0A5EA2A623C7792A00FC3519 /* Project object */ = {
			isa = PBXProject;
			attributes = {
				LastSwiftUpdateCheck = 1130;
				LastUpgradeCheck = 1130;
				ORGANIZATIONNAME = "Xi Chen";
				TargetAttributes = {
					0A5EA2AE23C7792A00FC3519 = {
						CreatedOnToolsVersion = 11.3;
						LastSwiftMigration = 1130;
					};
					0A5EA2B723C7792B00FC3519 = {
						CreatedOnToolsVersion = 11.3;
					};
					15551EAC23D0D6460004C8A7 = {
						CreatedOnToolsVersion = 11.3.1;
					};
				};
			};
			buildConfigurationList = 0A5EA2A923C7792A00FC3519 /* Build configuration list for PBXProject "ModernNetwork" */;
			compatibilityVersion = "Xcode 9.3";
			developmentRegion = en;
			hasScannedForEncodings = 0;
			knownRegions = (
				en,
				Base,
			);
			mainGroup = 0A5EA2A523C7792A00FC3519;
			productRefGroup = 0A5EA2B023C7792A00FC3519 /* Products */;
			projectDirPath = "";
			projectRoot = "";
			targets = (
				0A5EA2AE23C7792A00FC3519 /* ModernNetwork */,
				0A5EA2B723C7792B00FC3519 /* ModernNetworkTests */,
				15551EAC23D0D6460004C8A7 /* Example */,
			);
		};
/* End PBXProject section */

/* Begin PBXResourcesBuildPhase section */
		0A5EA2AD23C7792A00FC3519 /* Resources */ = {
			isa = PBXResourcesBuildPhase;
			buildActionMask = 2147483647;
			files = (
			);
			runOnlyForDeploymentPostprocessing = 0;
		};
		0A5EA2B623C7792B00FC3519 /* Resources */ = {
			isa = PBXResourcesBuildPhase;
			buildActionMask = 2147483647;
			files = (
			);
			runOnlyForDeploymentPostprocessing = 0;
		};
		15551EAB23D0D6460004C8A7 /* Resources */ = {
			isa = PBXResourcesBuildPhase;
			buildActionMask = 2147483647;
			files = (
				15551EBC23D0D6470004C8A7 /* LaunchScreen.storyboard in Resources */,
				15551EB923D0D6470004C8A7 /* Assets.xcassets in Resources */,
				15551EB723D0D6460004C8A7 /* Main.storyboard in Resources */,
			);
			runOnlyForDeploymentPostprocessing = 0;
		};
/* End PBXResourcesBuildPhase section */

/* Begin PBXSourcesBuildPhase section */
		0A5EA2AB23C7792A00FC3519 /* Sources */ = {
			isa = PBXSourcesBuildPhase;
			buildActionMask = 2147483647;
			files = (
				0A8564F423CF715E00A31BBB /* Error+NetworkError.swift in Sources */,
				0A5EA2D423C78E5400FC3519 /* NetworkError.swift in Sources */,
				0A5EA2CF23C78C2300FC3519 /* HTTPTask.swift in Sources */,
				0A5EA2D723C7927D00FC3519 /* URLParameterEncoder.swift in Sources */,
				0A5EA2CD23C78B7200FC3519 /* HTTPMethod.swift in Sources */,
				0A5EA2DB23C8EE9800FC3519 /* ServiceProvider.swift in Sources */,
				15CD30B523D094F4003B5DC6 /* Observable.swift in Sources */,
				0A5EA2CA23C788E800FC3519 /* Endpoint.swift in Sources */,
				0A5EA2D923C8EA9C00FC3519 /* JSONParameterEncoder.swift in Sources */,
				0A5EA2D223C78CDE00FC3519 /* ParameterEncoder.swift in Sources */,
			);
			runOnlyForDeploymentPostprocessing = 0;
		};
		0A5EA2B423C7792B00FC3519 /* Sources */ = {
			isa = PBXSourcesBuildPhase;
			buildActionMask = 2147483647;
			files = (
				0A5EA2BE23C7792B00FC3519 /* ModernNetworkTests.swift in Sources */,
			);
			runOnlyForDeploymentPostprocessing = 0;
		};
		15551EA923D0D6460004C8A7 /* Sources */ = {
			isa = PBXSourcesBuildPhase;
			buildActionMask = 2147483647;
			files = (
				15FD89C323D0D7B4002BA9BF /* ExampleService.swift in Sources */,
				15551EB423D0D6460004C8A7 /* ViewController.swift in Sources */,
				15FD89C623D0D7BE002BA9BF /* Owner.swift in Sources */,
				15551EB023D0D6460004C8A7 /* AppDelegate.swift in Sources */,
				15FD89C523D0D7BE002BA9BF /* Repo.swift in Sources */,
				15551EB223D0D6460004C8A7 /* SceneDelegate.swift in Sources */,
				15FD89C423D0D7B8002BA9BF /* ExampleDataProvider.swift in Sources */,
			);
			runOnlyForDeploymentPostprocessing = 0;
		};
/* End PBXSourcesBuildPhase section */

/* Begin PBXTargetDependency section */
		0A5EA2BB23C7792B00FC3519 /* PBXTargetDependency */ = {
			isa = PBXTargetDependency;
			target = 0A5EA2AE23C7792A00FC3519 /* ModernNetwork */;
			targetProxy = 0A5EA2BA23C7792B00FC3519 /* PBXContainerItemProxy */;
		};
		15FD89C123D0D783002BA9BF /* PBXTargetDependency */ = {
			isa = PBXTargetDependency;
			target = 0A5EA2AE23C7792A00FC3519 /* ModernNetwork */;
			targetProxy = 15FD89C023D0D783002BA9BF /* PBXContainerItemProxy */;
		};
/* End PBXTargetDependency section */

/* Begin PBXVariantGroup section */
		15551EB523D0D6460004C8A7 /* Main.storyboard */ = {
			isa = PBXVariantGroup;
			children = (
				15551EB623D0D6460004C8A7 /* Base */,
			);
			name = Main.storyboard;
			sourceTree = "<group>";
		};
		15551EBA23D0D6470004C8A7 /* LaunchScreen.storyboard */ = {
			isa = PBXVariantGroup;
			children = (
				15551EBB23D0D6470004C8A7 /* Base */,
			);
			name = LaunchScreen.storyboard;
			sourceTree = "<group>";
		};
/* End PBXVariantGroup section */

/* Begin XCBuildConfiguration section */
		0A5EA2C123C7792B00FC3519 /* Debug */ = {
			isa = XCBuildConfiguration;
			buildSettings = {
				ALWAYS_SEARCH_USER_PATHS = NO;
				CLANG_ANALYZER_NONNULL = YES;
				CLANG_ANALYZER_NUMBER_OBJECT_CONVERSION = YES_AGGRESSIVE;
				CLANG_CXX_LANGUAGE_STANDARD = "gnu++14";
				CLANG_CXX_LIBRARY = "libc++";
				CLANG_ENABLE_MODULES = YES;
				CLANG_ENABLE_OBJC_ARC = YES;
				CLANG_ENABLE_OBJC_WEAK = YES;
				CLANG_WARN_BLOCK_CAPTURE_AUTORELEASING = YES;
				CLANG_WARN_BOOL_CONVERSION = YES;
				CLANG_WARN_COMMA = YES;
				CLANG_WARN_CONSTANT_CONVERSION = YES;
				CLANG_WARN_DEPRECATED_OBJC_IMPLEMENTATIONS = YES;
				CLANG_WARN_DIRECT_OBJC_ISA_USAGE = YES_ERROR;
				CLANG_WARN_DOCUMENTATION_COMMENTS = YES;
				CLANG_WARN_EMPTY_BODY = YES;
				CLANG_WARN_ENUM_CONVERSION = YES;
				CLANG_WARN_INFINITE_RECURSION = YES;
				CLANG_WARN_INT_CONVERSION = YES;
				CLANG_WARN_NON_LITERAL_NULL_CONVERSION = YES;
				CLANG_WARN_OBJC_IMPLICIT_RETAIN_SELF = YES;
				CLANG_WARN_OBJC_LITERAL_CONVERSION = YES;
				CLANG_WARN_OBJC_ROOT_CLASS = YES_ERROR;
				CLANG_WARN_RANGE_LOOP_ANALYSIS = YES;
				CLANG_WARN_STRICT_PROTOTYPES = YES;
				CLANG_WARN_SUSPICIOUS_MOVE = YES;
				CLANG_WARN_UNGUARDED_AVAILABILITY = YES_AGGRESSIVE;
				CLANG_WARN_UNREACHABLE_CODE = YES;
				CLANG_WARN__DUPLICATE_METHOD_MATCH = YES;
				COPY_PHASE_STRIP = NO;
				CURRENT_PROJECT_VERSION = 1;
				DEBUG_INFORMATION_FORMAT = dwarf;
				ENABLE_STRICT_OBJC_MSGSEND = YES;
				ENABLE_TESTABILITY = YES;
				GCC_C_LANGUAGE_STANDARD = gnu11;
				GCC_DYNAMIC_NO_PIC = NO;
				GCC_NO_COMMON_BLOCKS = YES;
				GCC_OPTIMIZATION_LEVEL = 0;
				GCC_PREPROCESSOR_DEFINITIONS = (
					"DEBUG=1",
					"$(inherited)",
				);
				GCC_WARN_64_TO_32_BIT_CONVERSION = YES;
				GCC_WARN_ABOUT_RETURN_TYPE = YES_ERROR;
				GCC_WARN_UNDECLARED_SELECTOR = YES;
				GCC_WARN_UNINITIALIZED_AUTOS = YES_AGGRESSIVE;
				GCC_WARN_UNUSED_FUNCTION = YES;
				GCC_WARN_UNUSED_VARIABLE = YES;
				IPHONEOS_DEPLOYMENT_TARGET = 13.2;
				MTL_ENABLE_DEBUG_INFO = INCLUDE_SOURCE;
				MTL_FAST_MATH = YES;
				ONLY_ACTIVE_ARCH = YES;
				SDKROOT = iphoneos;
				SWIFT_ACTIVE_COMPILATION_CONDITIONS = DEBUG;
				SWIFT_OPTIMIZATION_LEVEL = "-Onone";
				VERSIONING_SYSTEM = "apple-generic";
				VERSION_INFO_PREFIX = "";
			};
			name = Debug;
		};
		0A5EA2C223C7792B00FC3519 /* Release */ = {
			isa = XCBuildConfiguration;
			buildSettings = {
				ALWAYS_SEARCH_USER_PATHS = NO;
				CLANG_ANALYZER_NONNULL = YES;
				CLANG_ANALYZER_NUMBER_OBJECT_CONVERSION = YES_AGGRESSIVE;
				CLANG_CXX_LANGUAGE_STANDARD = "gnu++14";
				CLANG_CXX_LIBRARY = "libc++";
				CLANG_ENABLE_MODULES = YES;
				CLANG_ENABLE_OBJC_ARC = YES;
				CLANG_ENABLE_OBJC_WEAK = YES;
				CLANG_WARN_BLOCK_CAPTURE_AUTORELEASING = YES;
				CLANG_WARN_BOOL_CONVERSION = YES;
				CLANG_WARN_COMMA = YES;
				CLANG_WARN_CONSTANT_CONVERSION = YES;
				CLANG_WARN_DEPRECATED_OBJC_IMPLEMENTATIONS = YES;
				CLANG_WARN_DIRECT_OBJC_ISA_USAGE = YES_ERROR;
				CLANG_WARN_DOCUMENTATION_COMMENTS = YES;
				CLANG_WARN_EMPTY_BODY = YES;
				CLANG_WARN_ENUM_CONVERSION = YES;
				CLANG_WARN_INFINITE_RECURSION = YES;
				CLANG_WARN_INT_CONVERSION = YES;
				CLANG_WARN_NON_LITERAL_NULL_CONVERSION = YES;
				CLANG_WARN_OBJC_IMPLICIT_RETAIN_SELF = YES;
				CLANG_WARN_OBJC_LITERAL_CONVERSION = YES;
				CLANG_WARN_OBJC_ROOT_CLASS = YES_ERROR;
				CLANG_WARN_RANGE_LOOP_ANALYSIS = YES;
				CLANG_WARN_STRICT_PROTOTYPES = YES;
				CLANG_WARN_SUSPICIOUS_MOVE = YES;
				CLANG_WARN_UNGUARDED_AVAILABILITY = YES_AGGRESSIVE;
				CLANG_WARN_UNREACHABLE_CODE = YES;
				CLANG_WARN__DUPLICATE_METHOD_MATCH = YES;
				COPY_PHASE_STRIP = NO;
				CURRENT_PROJECT_VERSION = 1;
				DEBUG_INFORMATION_FORMAT = "dwarf-with-dsym";
				ENABLE_NS_ASSERTIONS = NO;
				ENABLE_STRICT_OBJC_MSGSEND = YES;
				GCC_C_LANGUAGE_STANDARD = gnu11;
				GCC_NO_COMMON_BLOCKS = YES;
				GCC_WARN_64_TO_32_BIT_CONVERSION = YES;
				GCC_WARN_ABOUT_RETURN_TYPE = YES_ERROR;
				GCC_WARN_UNDECLARED_SELECTOR = YES;
				GCC_WARN_UNINITIALIZED_AUTOS = YES_AGGRESSIVE;
				GCC_WARN_UNUSED_FUNCTION = YES;
				GCC_WARN_UNUSED_VARIABLE = YES;
				IPHONEOS_DEPLOYMENT_TARGET = 13.2;
				MTL_ENABLE_DEBUG_INFO = NO;
				MTL_FAST_MATH = YES;
				SDKROOT = iphoneos;
				SWIFT_COMPILATION_MODE = wholemodule;
				SWIFT_OPTIMIZATION_LEVEL = "-O";
				VALIDATE_PRODUCT = YES;
				VERSIONING_SYSTEM = "apple-generic";
				VERSION_INFO_PREFIX = "";
			};
			name = Release;
		};
		0A5EA2C423C7792B00FC3519 /* Debug */ = {
			isa = XCBuildConfiguration;
			buildSettings = {
				CLANG_ENABLE_MODULES = YES;
				CODE_SIGN_IDENTITY = "Apple Development";
				CODE_SIGN_STYLE = Automatic;
				DEFINES_MODULE = YES;
				DEVELOPMENT_TEAM = "";
				DYLIB_COMPATIBILITY_VERSION = 1;
				DYLIB_CURRENT_VERSION = 1;
				DYLIB_INSTALL_NAME_BASE = "@rpath";
				INFOPLIST_FILE = ModernNetwork/Info.plist;
				INSTALL_PATH = "$(LOCAL_LIBRARY_DIR)/Frameworks";
				LD_RUNPATH_SEARCH_PATHS = (
					"$(inherited)",
					"@executable_path/Frameworks",
					"@loader_path/Frameworks",
				);
				PRODUCT_BUNDLE_IDENTIFIER = com.xi.chen.ModernNetwork;
				PRODUCT_NAME = "$(TARGET_NAME:c99extidentifier)";
				SKIP_INSTALL = YES;
				SWIFT_INSTALL_OBJC_HEADER = NO;
				SWIFT_OPTIMIZATION_LEVEL = "-Onone";
				SWIFT_VERSION = 5.0;
				TARGETED_DEVICE_FAMILY = "1,2";
			};
			name = Debug;
		};
		0A5EA2C523C7792B00FC3519 /* Release */ = {
			isa = XCBuildConfiguration;
			buildSettings = {
				CLANG_ENABLE_MODULES = YES;
				CODE_SIGN_IDENTITY = "Apple Development";
				CODE_SIGN_STYLE = Automatic;
				DEFINES_MODULE = YES;
				DEVELOPMENT_TEAM = "";
				DYLIB_COMPATIBILITY_VERSION = 1;
				DYLIB_CURRENT_VERSION = 1;
				DYLIB_INSTALL_NAME_BASE = "@rpath";
				INFOPLIST_FILE = ModernNetwork/Info.plist;
				INSTALL_PATH = "$(LOCAL_LIBRARY_DIR)/Frameworks";
				LD_RUNPATH_SEARCH_PATHS = (
					"$(inherited)",
					"@executable_path/Frameworks",
					"@loader_path/Frameworks",
				);
				PRODUCT_BUNDLE_IDENTIFIER = com.xi.chen.ModernNetwork;
				PRODUCT_NAME = "$(TARGET_NAME:c99extidentifier)";
				SKIP_INSTALL = YES;
				SWIFT_INSTALL_OBJC_HEADER = NO;
				SWIFT_VERSION = 5.0;
				TARGETED_DEVICE_FAMILY = "1,2";
			};
			name = Release;
		};
		0A5EA2C723C7792B00FC3519 /* Debug */ = {
			isa = XCBuildConfiguration;
			buildSettings = {
				ALWAYS_EMBED_SWIFT_STANDARD_LIBRARIES = YES;
				CODE_SIGN_STYLE = Automatic;
				INFOPLIST_FILE = ModernNetworkTests/Info.plist;
				LD_RUNPATH_SEARCH_PATHS = (
					"$(inherited)",
					"@executable_path/Frameworks",
					"@loader_path/Frameworks",
				);
				PRODUCT_BUNDLE_IDENTIFIER = com.xi.chen.ModernNetworkTests;
				PRODUCT_NAME = "$(TARGET_NAME)";
				SWIFT_VERSION = 5.0;
				TARGETED_DEVICE_FAMILY = "1,2";
			};
			name = Debug;
		};
		0A5EA2C823C7792B00FC3519 /* Release */ = {
			isa = XCBuildConfiguration;
			buildSettings = {
				ALWAYS_EMBED_SWIFT_STANDARD_LIBRARIES = YES;
				CODE_SIGN_STYLE = Automatic;
				INFOPLIST_FILE = ModernNetworkTests/Info.plist;
				LD_RUNPATH_SEARCH_PATHS = (
					"$(inherited)",
					"@executable_path/Frameworks",
					"@loader_path/Frameworks",
				);
				PRODUCT_BUNDLE_IDENTIFIER = com.xi.chen.ModernNetworkTests;
				PRODUCT_NAME = "$(TARGET_NAME)";
				SWIFT_VERSION = 5.0;
				TARGETED_DEVICE_FAMILY = "1,2";
			};
			name = Release;
		};
		15551EBE23D0D6470004C8A7 /* Debug */ = {
			isa = XCBuildConfiguration;
			buildSettings = {
				ASSETCATALOG_COMPILER_APPICON_NAME = AppIcon;
				CODE_SIGN_STYLE = Automatic;
				INFOPLIST_FILE = Example/Info.plist;
				LD_RUNPATH_SEARCH_PATHS = (
					"$(inherited)",
					"@executable_path/Frameworks",
				);
				PRODUCT_BUNDLE_IDENTIFIER = com.xi.chen.modern.network.example.Example;
				PRODUCT_NAME = "$(TARGET_NAME)";
				SWIFT_INSTALL_OBJC_HEADER = NO;
				SWIFT_VERSION = 5.0;
				TARGETED_DEVICE_FAMILY = "1,2";
			};
			name = Debug;
		};
		15551EBF23D0D6470004C8A7 /* Release */ = {
			isa = XCBuildConfiguration;
			buildSettings = {
				ASSETCATALOG_COMPILER_APPICON_NAME = AppIcon;
				CODE_SIGN_STYLE = Automatic;
				INFOPLIST_FILE = Example/Info.plist;
				LD_RUNPATH_SEARCH_PATHS = (
					"$(inherited)",
					"@executable_path/Frameworks",
				);
				PRODUCT_BUNDLE_IDENTIFIER = com.xi.chen.modern.network.example.Example;
				PRODUCT_NAME = "$(TARGET_NAME)";
				SWIFT_INSTALL_OBJC_HEADER = NO;
				SWIFT_VERSION = 5.0;
				TARGETED_DEVICE_FAMILY = "1,2";
			};
			name = Release;
		};
/* End XCBuildConfiguration section */

/* Begin XCConfigurationList section */
		0A5EA2A923C7792A00FC3519 /* Build configuration list for PBXProject "ModernNetwork" */ = {
			isa = XCConfigurationList;
			buildConfigurations = (
				0A5EA2C123C7792B00FC3519 /* Debug */,
				0A5EA2C223C7792B00FC3519 /* Release */,
			);
			defaultConfigurationIsVisible = 0;
			defaultConfigurationName = Release;
		};
		0A5EA2C323C7792B00FC3519 /* Build configuration list for PBXNativeTarget "ModernNetwork" */ = {
			isa = XCConfigurationList;
			buildConfigurations = (
				0A5EA2C423C7792B00FC3519 /* Debug */,
				0A5EA2C523C7792B00FC3519 /* Release */,
			);
			defaultConfigurationIsVisible = 0;
			defaultConfigurationName = Release;
		};
		0A5EA2C623C7792B00FC3519 /* Build configuration list for PBXNativeTarget "ModernNetworkTests" */ = {
			isa = XCConfigurationList;
			buildConfigurations = (
				0A5EA2C723C7792B00FC3519 /* Debug */,
				0A5EA2C823C7792B00FC3519 /* Release */,
			);
			defaultConfigurationIsVisible = 0;
			defaultConfigurationName = Release;
		};
		15551EC023D0D6470004C8A7 /* Build configuration list for PBXNativeTarget "Example" */ = {
			isa = XCConfigurationList;
			buildConfigurations = (
				15551EBE23D0D6470004C8A7 /* Debug */,
				15551EBF23D0D6470004C8A7 /* Release */,
			);
			defaultConfigurationIsVisible = 0;
			defaultConfigurationName = Release;
		};
/* End XCConfigurationList section */
	};
	rootObject = 0A5EA2A623C7792A00FC3519 /* Project object */;
}
